
Microsoft Visual Studio Solution File, Format Version 12.00
# Visual Studio 15
Project("{FAE04EC0-301F-11D3-BF4B-00C04F79EFBC}") = "Assembly-CSharp", "Assembly-CSharp.csproj", "{A0EAC79A-A8F5-877E-B8AD-8443436C2A12}"
EndProject
Project("{FAE04EC0-301F-11D3-BF4B-00C04F79EFBC}") = "Assembly-CSharp-Editor", "Assembly-CSharp-Editor.csproj", "{7722F69B-D37E-6C4B-1C6D-EE5ECDB249F2}"
EndProject
Global
	GlobalSection(SolutionConfigurationPlatforms) = preSolution
		Debug|Any CPU = Debug|Any CPU
		Release|Any CPU = Release|Any CPU
	EndGlobalSection
	GlobalSection(ProjectConfigurationPlatforms) = postSolution
		{A0EAC79A-A8F5-877E-B8AD-8443436C2A12}.Debug|Any CPU.ActiveCfg = Debug|Any CPU
		{A0EAC79A-A8F5-877E-B8AD-8443436C2A12}.Debug|Any CPU.Build.0 = Debug|Any CPU
		{A0EAC79A-A8F5-877E-B8AD-8443436C2A12}.Release|Any CPU.ActiveCfg = Release|Any CPU
		{A0EAC79A-A8F5-877E-B8AD-8443436C2A12}.Release|Any CPU.Build.0 = Release|Any CPU
		{7722F69B-D37E-6C4B-1C6D-EE5ECDB249F2}.Debug|Any CPU.ActiveCfg = Debug|Any CPU
		{7722F69B-D37E-6C4B-1C6D-EE5ECDB249F2}.Debug|Any CPU.Build.0 = Debug|Any CPU
		{7722F69B-D37E-6C4B-1C6D-EE5ECDB249F2}.Release|Any CPU.ActiveCfg = Release|Any CPU
		{7722F69B-D37E-6C4B-1C6D-EE5ECDB249F2}.Release|Any CPU.Build.0 = Release|Any CPU
	EndGlobalSection
	GlobalSection(SolutionProperties) = preSolution
		HideSolutionNode = FALSE
	EndGlobalSection
EndGlobal
